
Microsoft Visual Studio Solution File, Format Version 12.00
# Visual Studio Version 16
VisualStudioVersion = 16.0.30413.136
MinimumVisualStudioVersion = 10.0.40219.1
Project("{FAE04EC0-301F-11D3-BF4B-00C04F79EFBC}") = "OrganizationProject", "OrganizationProject\OrganizationProject.csproj", "{50CE7257-CD0E-4BCB-99E3-EEF2985AE80B}"
EndProject
Global
	GlobalSection(SolutionConfigurationPlatforms) = preSolution
		Debug|Any CPU = Debug|Any CPU
		Release|Any CPU = Release|Any CPU
	EndGlobalSection
	GlobalSection(ProjectConfigurationPlatforms) = postSolution
		{50CE7257-CD0E-4BCB-99E3-EEF2985AE80B}.Debug|Any CPU.ActiveCfg = Debug|Any CPU
		{50CE7257-CD0E-4BCB-99E3-EEF2985AE80B}.Debug|Any CPU.Build.0 = Debug|Any CPU
		{50CE7257-CD0E-4BCB-99E3-EEF2985AE80B}.Release|Any CPU.ActiveCfg = Release|Any CPU
		{50CE7257-CD0E-4BCB-99E3-EEF2985AE80B}.Release|Any CPU.Build.0 = Release|Any CPU
	EndGlobalSection
	GlobalSection(SolutionProperties) = preSolution
		HideSolutionNode = FALSE
	EndGlobalSection
	GlobalSection(ExtensibilityGlobals) = postSolution
		SolutionGuid = {5CCE0809-8F23-4322-BA84-F35347EADE05}
	EndGlobalSection
EndGlobal
